
Microsoft Visual Studio Solution File, Format Version 12.00
# Visual Studio Version 16
VisualStudioVersion = 16.0.31729.503
MinimumVisualStudioVersion = 10.0.40219.1
Project("{9A19103F-16F7-4668-BE54-9A1E7A4F7556}") = "Console.HiLow", "Console.HiLow\Console.HiLow.csproj", "{5E4F7BB5-3D75-49F8-AA16-4061912C0D00}"
EndProject
Project("{FAE04EC0-301F-11D3-BF4B-00C04F79EFBC}") = "Console.HiLow.Tests", "Console.HiLow.Tests\Console.HiLow.Tests.csproj", "{5BE9020D-8F04-44EA-AE1B-D5D1AEE21569}"
EndProject
Global
	GlobalSection(SolutionConfigurationPlatforms) = preSolution
		Debug|Any CPU = Debug|Any CPU
		Release|Any CPU = Release|Any CPU
	EndGlobalSection
	GlobalSection(ProjectConfigurationPlatforms) = postSolution
		{5E4F7BB5-3D75-49F8-AA16-4061912C0D00}.Debug|Any CPU.ActiveCfg = Debug|Any CPU
		{5E4F7BB5-3D75-49F8-AA16-4061912C0D00}.Debug|Any CPU.Build.0 = Debug|Any CPU
		{5E4F7BB5-3D75-49F8-AA16-4061912C0D00}.Release|Any CPU.ActiveCfg = Release|Any CPU
		{5E4F7BB5-3D75-49F8-AA16-4061912C0D00}.Release|Any CPU.Build.0 = Release|Any CPU
		{5BE9020D-8F04-44EA-AE1B-D5D1AEE21569}.Debug|Any CPU.ActiveCfg = Debug|Any CPU
		{5BE9020D-8F04-44EA-AE1B-D5D1AEE21569}.Debug|Any CPU.Build.0 = Debug|Any CPU
		{5BE9020D-8F04-44EA-AE1B-D5D1AEE21569}.Release|Any CPU.ActiveCfg = Release|Any CPU
		{5BE9020D-8F04-44EA-AE1B-D5D1AEE21569}.Release|Any CPU.Build.0 = Release|Any CPU
	EndGlobalSection
	GlobalSection(SolutionProperties) = preSolution
		HideSolutionNode = FALSE
	EndGlobalSection
	GlobalSection(ExtensibilityGlobals) = postSolution
		SolutionGuid = {283720AF-7877-46DA-AB5D-0ED80D3203A3}
	EndGlobalSection
EndGlobal
